
Microsoft Visual Studio Solution File, Format Version 12.00
# Visual Studio Version 17
VisualStudioVersion = 17.11.35312.102
MinimumVisualStudioVersion = 10.0.40219.1
Project("{888888A0-9F3D-457C-B088-3A5042F75D52}") = "NeuralNetworkFromScratchInPy", "NeuralNetworkFromScratchInPy.pyproj", "{AC3BF28B-06E0-4DDB-A950-AB8B084393D0}"
EndProject
Global
	GlobalSection(SolutionConfigurationPlatforms) = preSolution
		Debug|Any CPU = Debug|Any CPU
		Release|Any CPU = Release|Any CPU
	EndGlobalSection
	GlobalSection(ProjectConfigurationPlatforms) = postSolution
		{AC3BF28B-06E0-4DDB-A950-AB8B084393D0}.Debug|Any CPU.ActiveCfg = Debug|Any CPU
		{AC3BF28B-06E0-4DDB-A950-AB8B084393D0}.Release|Any CPU.ActiveCfg = Release|Any CPU
	EndGlobalSection
	GlobalSection(SolutionProperties) = preSolution
		HideSolutionNode = FALSE
	EndGlobalSection
	GlobalSection(ExtensibilityGlobals) = postSolution
		SolutionGuid = {A7D97F79-3D24-4AC5-A772-E5ECC4D8162F}
	EndGlobalSection
EndGlobal
